
Microsoft Visual Studio Solution File, Format Version 12.00
# Visual Studio Version 17
VisualStudioVersion = 17.0.31903.59
MinimumVisualStudioVersion = 10.0.40219.1
Project("{2150E333-8FDC-42A3-9474-1A3956D46DE8}") = "src", "src", "{5191DBE2-8DFF-498A-85F4-5FD6CEAEC44C}"
EndProject
Project("{2150E333-8FDC-42A3-9474-1A3956D46DE8}") = "Services", "Services", "{C03F9468-3318-486A-AAC3-7D9D4016676F}"
EndProject
Project("{FAE04EC0-301F-11D3-BF4B-00C04F79EFBC}") = "SearchService", "src\Services\SearchService\SearchService.csproj", "{51F05F75-8A64-4AE6-9B7C-767856786A18}"
EndProject
Project("{FAE04EC0-301F-11D3-BF4B-00C04F79EFBC}") = "AuctionService", "src\Services\AuctionService\AuctionService.csproj", "{D3B3D916-9706-4746-AE45-4C2EAED7231F}"
EndProject
Project("{FAE04EC0-301F-11D3-BF4B-00C04F79EFBC}") = "BidService", "src\Services\BidService\BidService.csproj", "{CCF38C15-F388-4D30-8289-46C0108E3CCF}"
EndProject
Project("{FAE04EC0-301F-11D3-BF4B-00C04F79EFBC}") = "GatewayService", "src\Services\GatewayService\GatewayService.csproj", "{65F4C6EE-E610-4C08-96C5-9F5A80C36FBA}"
EndProject
Project("{FAE04EC0-301F-11D3-BF4B-00C04F79EFBC}") = "NotificationService", "src\Services\NotificationService\NotificationService.csproj", "{4B2AB659-104A-44C3-8217-6948D97EA300}"
EndProject
Global
	GlobalSection(SolutionConfigurationPlatforms) = preSolution
		Debug|Any CPU = Debug|Any CPU
		Release|Any CPU = Release|Any CPU
	EndGlobalSection
	GlobalSection(SolutionProperties) = preSolution
		HideSolutionNode = FALSE
	EndGlobalSection
	GlobalSection(ProjectConfigurationPlatforms) = postSolution
		{51F05F75-8A64-4AE6-9B7C-767856786A18}.Debug|Any CPU.ActiveCfg = Debug|Any CPU
		{51F05F75-8A64-4AE6-9B7C-767856786A18}.Debug|Any CPU.Build.0 = Debug|Any CPU
		{51F05F75-8A64-4AE6-9B7C-767856786A18}.Release|Any CPU.ActiveCfg = Release|Any CPU
		{51F05F75-8A64-4AE6-9B7C-767856786A18}.Release|Any CPU.Build.0 = Release|Any CPU
		{D3B3D916-9706-4746-AE45-4C2EAED7231F}.Debug|Any CPU.ActiveCfg = Debug|Any CPU
		{D3B3D916-9706-4746-AE45-4C2EAED7231F}.Debug|Any CPU.Build.0 = Debug|Any CPU
		{D3B3D916-9706-4746-AE45-4C2EAED7231F}.Release|Any CPU.ActiveCfg = Release|Any CPU
		{D3B3D916-9706-4746-AE45-4C2EAED7231F}.Release|Any CPU.Build.0 = Release|Any CPU
		{CCF38C15-F388-4D30-8289-46C0108E3CCF}.Debug|Any CPU.ActiveCfg = Debug|Any CPU
		{CCF38C15-F388-4D30-8289-46C0108E3CCF}.Debug|Any CPU.Build.0 = Debug|Any CPU
		{CCF38C15-F388-4D30-8289-46C0108E3CCF}.Release|Any CPU.ActiveCfg = Release|Any CPU
		{CCF38C15-F388-4D30-8289-46C0108E3CCF}.Release|Any CPU.Build.0 = Release|Any CPU
		{65F4C6EE-E610-4C08-96C5-9F5A80C36FBA}.Debug|Any CPU.ActiveCfg = Debug|Any CPU
		{65F4C6EE-E610-4C08-96C5-9F5A80C36FBA}.Debug|Any CPU.Build.0 = Debug|Any CPU
		{65F4C6EE-E610-4C08-96C5-9F5A80C36FBA}.Release|Any CPU.ActiveCfg = Release|Any CPU
		{65F4C6EE-E610-4C08-96C5-9F5A80C36FBA}.Release|Any CPU.Build.0 = Release|Any CPU
		{4B2AB659-104A-44C3-8217-6948D97EA300}.Debug|Any CPU.ActiveCfg = Debug|Any CPU
		{4B2AB659-104A-44C3-8217-6948D97EA300}.Debug|Any CPU.Build.0 = Debug|Any CPU
		{4B2AB659-104A-44C3-8217-6948D97EA300}.Release|Any CPU.ActiveCfg = Release|Any CPU
		{4B2AB659-104A-44C3-8217-6948D97EA300}.Release|Any CPU.Build.0 = Release|Any CPU
	EndGlobalSection
	GlobalSection(NestedProjects) = preSolution
		{C03F9468-3318-486A-AAC3-7D9D4016676F} = {5191DBE2-8DFF-498A-85F4-5FD6CEAEC44C}
		{51F05F75-8A64-4AE6-9B7C-767856786A18} = {C03F9468-3318-486A-AAC3-7D9D4016676F}
		{D3B3D916-9706-4746-AE45-4C2EAED7231F} = {C03F9468-3318-486A-AAC3-7D9D4016676F}
		{CCF38C15-F388-4D30-8289-46C0108E3CCF} = {C03F9468-3318-486A-AAC3-7D9D4016676F}
		{65F4C6EE-E610-4C08-96C5-9F5A80C36FBA} = {C03F9468-3318-486A-AAC3-7D9D4016676F}
		{4B2AB659-104A-44C3-8217-6948D97EA300} = {C03F9468-3318-486A-AAC3-7D9D4016676F}
	EndGlobalSection
EndGlobal
